
Microsoft Visual Studio Solution File, Format Version 12.00
# Visual Studio 15
VisualStudioVersion = 15.0.27130.2027
MinimumVisualStudioVersion = 10.0.40219.1
Project("{FAE04EC0-301F-11D3-BF4B-00C04F79EFBC}") = "Capitulo01", "Capitulo01\Capitulo01.csproj", "{8F8AE9C4-72E0-45F3-9B16-B5799ED06AF6}"
EndProject
Global
	GlobalSection(SolutionConfigurationPlatforms) = preSolution
		Debug|Any CPU = Debug|Any CPU
		Release|Any CPU = Release|Any CPU
	EndGlobalSection
	GlobalSection(ProjectConfigurationPlatforms) = postSolution
		{8F8AE9C4-72E0-45F3-9B16-B5799ED06AF6}.Debug|Any CPU.ActiveCfg = Debug|Any CPU
		{8F8AE9C4-72E0-45F3-9B16-B5799ED06AF6}.Debug|Any CPU.Build.0 = Debug|Any CPU
		{8F8AE9C4-72E0-45F3-9B16-B5799ED06AF6}.Release|Any CPU.ActiveCfg = Release|Any CPU
		{8F8AE9C4-72E0-45F3-9B16-B5799ED06AF6}.Release|Any CPU.Build.0 = Release|Any CPU
	EndGlobalSection
	GlobalSection(SolutionProperties) = preSolution
		HideSolutionNode = FALSE
	EndGlobalSection
	GlobalSection(ExtensibilityGlobals) = postSolution
		SolutionGuid = {E16F62DB-DE6D-43C6-8BBE-B901D8FD7959}
	EndGlobalSection
EndGlobal
